
Microsoft Visual Studio Solution File, Format Version 12.00
# Visual Studio 11
Project("{FAE04EC0-301F-11D3-BF4B-00C04F79EFBC}") = "DeviceInfo", "DeviceInfo\DeviceInfo.csproj", "{B35F402E-5BE3-415B-855F-38AB465689C2}"
EndProject
Global
	GlobalSection(SolutionConfigurationPlatforms) = preSolution
		Debug|Any CPU = Debug|Any CPU
		Release|Any CPU = Release|Any CPU
	EndGlobalSection
	GlobalSection(ProjectConfigurationPlatforms) = postSolution
		{B35F402E-5BE3-415B-855F-38AB465689C2}.Debug|Any CPU.ActiveCfg = Debug|Any CPU
		{B35F402E-5BE3-415B-855F-38AB465689C2}.Debug|Any CPU.Build.0 = Debug|Any CPU
		{B35F402E-5BE3-415B-855F-38AB465689C2}.Release|Any CPU.ActiveCfg = Release|Any CPU
		{B35F402E-5BE3-415B-855F-38AB465689C2}.Release|Any CPU.Build.0 = Release|Any CPU
	EndGlobalSection
	GlobalSection(SolutionProperties) = preSolution
		HideSolutionNode = FALSE
	EndGlobalSection
EndGlobal
